
Microsoft Visual Studio Solution File, Format Version 12.00
# Visual Studio Version 16
VisualStudioVersion = 16.0.30621.155
MinimumVisualStudioVersion = 10.0.40219.1
Project("{8BC9CEB8-8B4A-11D0-8D11-00A0C91BC942}") = "Chess", "Chess.vcxproj", "{15CF1CBF-70A6-4D5F-88ED-F8C12E56EA54}"
EndProject
Global
	GlobalSection(SolutionConfigurationPlatforms) = preSolution
		Debug|x64 = Debug|x64
		Debug|x86 = Debug|x86
		Release|x64 = Release|x64
		Release|x86 = Release|x86
	EndGlobalSection
	GlobalSection(ProjectConfigurationPlatforms) = postSolution
		{15CF1CBF-70A6-4D5F-88ED-F8C12E56EA54}.Debug|x64.ActiveCfg = Debug|x64
		{15CF1CBF-70A6-4D5F-88ED-F8C12E56EA54}.Debug|x64.Build.0 = Debug|x64
		{15CF1CBF-70A6-4D5F-88ED-F8C12E56EA54}.Debug|x86.ActiveCfg = Debug|Win32
		{15CF1CBF-70A6-4D5F-88ED-F8C12E56EA54}.Debug|x86.Build.0 = Debug|Win32
		{15CF1CBF-70A6-4D5F-88ED-F8C12E56EA54}.Release|x64.ActiveCfg = Release|x64
		{15CF1CBF-70A6-4D5F-88ED-F8C12E56EA54}.Release|x64.Build.0 = Release|x64
		{15CF1CBF-70A6-4D5F-88ED-F8C12E56EA54}.Release|x86.ActiveCfg = Release|Win32
		{15CF1CBF-70A6-4D5F-88ED-F8C12E56EA54}.Release|x86.Build.0 = Release|Win32
	EndGlobalSection
	GlobalSection(SolutionProperties) = preSolution
		HideSolutionNode = FALSE
	EndGlobalSection
	GlobalSection(ExtensibilityGlobals) = postSolution
		SolutionGuid = {7C868E28-20AB-4226-B0DE-0A0B7B3923A4}
	EndGlobalSection
EndGlobal
